
Microsoft Visual Studio Solution File, Format Version 12.00
# Visual Studio 15
VisualStudioVersion = 15.0.28307.168
MinimumVisualStudioVersion = 10.0.40219.1
Project("{FAE04EC0-301F-11D3-BF4B-00C04F79EFBC}") = "PhotoManager", "PhotoManager\PhotoManager.csproj", "{B5299BC1-341D-4B41-A803-054A58D85654}"
EndProject
Project("{FAE04EC0-301F-11D3-BF4B-00C04F79EFBC}") = "PhotoManager.BLL", "PhotoManager.BLL\PhotoManager.BLL.csproj", "{BE9B8BAE-F2EA-4C1C-89DF-2FADF0E1644D}"
EndProject
Project("{FAE04EC0-301F-11D3-BF4B-00C04F79EFBC}") = "PhotoManager.DAL", "PhotoManager.DAL\PhotoManager.DAL.csproj", "{7B57E3B1-0850-4C04-ACE0-1EEC2DF50322}"
EndProject
Global
	GlobalSection(SolutionConfigurationPlatforms) = preSolution
		Debug|Any CPU = Debug|Any CPU
		Release|Any CPU = Release|Any CPU
	EndGlobalSection
	GlobalSection(ProjectConfigurationPlatforms) = postSolution
		{B5299BC1-341D-4B41-A803-054A58D85654}.Debug|Any CPU.ActiveCfg = Debug|Any CPU
		{B5299BC1-341D-4B41-A803-054A58D85654}.Debug|Any CPU.Build.0 = Debug|Any CPU
		{B5299BC1-341D-4B41-A803-054A58D85654}.Release|Any CPU.ActiveCfg = Release|Any CPU
		{B5299BC1-341D-4B41-A803-054A58D85654}.Release|Any CPU.Build.0 = Release|Any CPU
		{BE9B8BAE-F2EA-4C1C-89DF-2FADF0E1644D}.Debug|Any CPU.ActiveCfg = Debug|Any CPU
		{BE9B8BAE-F2EA-4C1C-89DF-2FADF0E1644D}.Debug|Any CPU.Build.0 = Debug|Any CPU
		{BE9B8BAE-F2EA-4C1C-89DF-2FADF0E1644D}.Release|Any CPU.ActiveCfg = Release|Any CPU
		{BE9B8BAE-F2EA-4C1C-89DF-2FADF0E1644D}.Release|Any CPU.Build.0 = Release|Any CPU
		{7B57E3B1-0850-4C04-ACE0-1EEC2DF50322}.Debug|Any CPU.ActiveCfg = Debug|Any CPU
		{7B57E3B1-0850-4C04-ACE0-1EEC2DF50322}.Debug|Any CPU.Build.0 = Debug|Any CPU
		{7B57E3B1-0850-4C04-ACE0-1EEC2DF50322}.Release|Any CPU.ActiveCfg = Release|Any CPU
		{7B57E3B1-0850-4C04-ACE0-1EEC2DF50322}.Release|Any CPU.Build.0 = Release|Any CPU
	EndGlobalSection
	GlobalSection(SolutionProperties) = preSolution
		HideSolutionNode = FALSE
	EndGlobalSection
	GlobalSection(ExtensibilityGlobals) = postSolution
		SolutionGuid = {FB0B8D14-5243-4EFC-9331-D63A686D81AE}
	EndGlobalSection
EndGlobal
