
Microsoft Visual Studio Solution File, Format Version 12.00
# Visual Studio 15
VisualStudioVersion = 15.0.27428.1
MinimumVisualStudioVersion = 10.0.40219.1
Project("{FAE04EC0-301F-11D3-BF4B-00C04F79EFBC}") = "CashMachine", "CashMachine\CashMachine.csproj", "{B8C6DA42-CC5C-43AD-BA63-4572E3CE0952}"
EndProject
Project("{FAE04EC0-301F-11D3-BF4B-00C04F79EFBC}") = "CashMachine.DAL", "CashMachine.DAL\CashMachine.DAL.csproj", "{BC02ECC7-C6F6-4D8D-98F1-789F62EC9AD5}"
EndProject
Project("{FAE04EC0-301F-11D3-BF4B-00C04F79EFBC}") = "CashMachine.Common", "CashMachine.Common\CashMachine.Common.csproj", "{FE5CC164-7274-41E5-962C-7E5E96E08681}"
EndProject
Global
	GlobalSection(SolutionConfigurationPlatforms) = preSolution
		Debug|Any CPU = Debug|Any CPU
		Debug|ARM = Debug|ARM
		Debug|x64 = Debug|x64
		Debug|x86 = Debug|x86
		Release|Any CPU = Release|Any CPU
		Release|ARM = Release|ARM
		Release|x64 = Release|x64
		Release|x86 = Release|x86
	EndGlobalSection
	GlobalSection(ProjectConfigurationPlatforms) = postSolution
		{B8C6DA42-CC5C-43AD-BA63-4572E3CE0952}.Debug|Any CPU.ActiveCfg = Debug|Any CPU
		{B8C6DA42-CC5C-43AD-BA63-4572E3CE0952}.Debug|Any CPU.Build.0 = Debug|Any CPU
		{B8C6DA42-CC5C-43AD-BA63-4572E3CE0952}.Debug|ARM.ActiveCfg = Debug|Any CPU
		{B8C6DA42-CC5C-43AD-BA63-4572E3CE0952}.Debug|ARM.Build.0 = Debug|Any CPU
		{B8C6DA42-CC5C-43AD-BA63-4572E3CE0952}.Debug|x64.ActiveCfg = Debug|Any CPU
		{B8C6DA42-CC5C-43AD-BA63-4572E3CE0952}.Debug|x64.Build.0 = Debug|Any CPU
		{B8C6DA42-CC5C-43AD-BA63-4572E3CE0952}.Debug|x86.ActiveCfg = Debug|Any CPU
		{B8C6DA42-CC5C-43AD-BA63-4572E3CE0952}.Debug|x86.Build.0 = Debug|Any CPU
		{B8C6DA42-CC5C-43AD-BA63-4572E3CE0952}.Release|Any CPU.ActiveCfg = Release|Any CPU
		{B8C6DA42-CC5C-43AD-BA63-4572E3CE0952}.Release|Any CPU.Build.0 = Release|Any CPU
		{B8C6DA42-CC5C-43AD-BA63-4572E3CE0952}.Release|ARM.ActiveCfg = Release|Any CPU
		{B8C6DA42-CC5C-43AD-BA63-4572E3CE0952}.Release|ARM.Build.0 = Release|Any CPU
		{B8C6DA42-CC5C-43AD-BA63-4572E3CE0952}.Release|x64.ActiveCfg = Release|Any CPU
		{B8C6DA42-CC5C-43AD-BA63-4572E3CE0952}.Release|x64.Build.0 = Release|Any CPU
		{B8C6DA42-CC5C-43AD-BA63-4572E3CE0952}.Release|x86.ActiveCfg = Release|Any CPU
		{B8C6DA42-CC5C-43AD-BA63-4572E3CE0952}.Release|x86.Build.0 = Release|Any CPU
		{BC02ECC7-C6F6-4D8D-98F1-789F62EC9AD5}.Debug|Any CPU.ActiveCfg = Debug|Any CPU
		{BC02ECC7-C6F6-4D8D-98F1-789F62EC9AD5}.Debug|Any CPU.Build.0 = Debug|Any CPU
		{BC02ECC7-C6F6-4D8D-98F1-789F62EC9AD5}.Debug|ARM.ActiveCfg = Debug|Any CPU
		{BC02ECC7-C6F6-4D8D-98F1-789F62EC9AD5}.Debug|ARM.Build.0 = Debug|Any CPU
		{BC02ECC7-C6F6-4D8D-98F1-789F62EC9AD5}.Debug|x64.ActiveCfg = Debug|Any CPU
		{BC02ECC7-C6F6-4D8D-98F1-789F62EC9AD5}.Debug|x64.Build.0 = Debug|Any CPU
		{BC02ECC7-C6F6-4D8D-98F1-789F62EC9AD5}.Debug|x86.ActiveCfg = Debug|Any CPU
		{BC02ECC7-C6F6-4D8D-98F1-789F62EC9AD5}.Debug|x86.Build.0 = Debug|Any CPU
		{BC02ECC7-C6F6-4D8D-98F1-789F62EC9AD5}.Release|Any CPU.ActiveCfg = Release|Any CPU
		{BC02ECC7-C6F6-4D8D-98F1-789F62EC9AD5}.Release|Any CPU.Build.0 = Release|Any CPU
		{BC02ECC7-C6F6-4D8D-98F1-789F62EC9AD5}.Release|ARM.ActiveCfg = Release|Any CPU
		{BC02ECC7-C6F6-4D8D-98F1-789F62EC9AD5}.Release|ARM.Build.0 = Release|Any CPU
		{BC02ECC7-C6F6-4D8D-98F1-789F62EC9AD5}.Release|x64.ActiveCfg = Release|Any CPU
		{BC02ECC7-C6F6-4D8D-98F1-789F62EC9AD5}.Release|x64.Build.0 = Release|Any CPU
		{BC02ECC7-C6F6-4D8D-98F1-789F62EC9AD5}.Release|x86.ActiveCfg = Release|Any CPU
		{BC02ECC7-C6F6-4D8D-98F1-789F62EC9AD5}.Release|x86.Build.0 = Release|Any CPU
		{FE5CC164-7274-41E5-962C-7E5E96E08681}.Debug|Any CPU.ActiveCfg = Debug|Any CPU
		{FE5CC164-7274-41E5-962C-7E5E96E08681}.Debug|Any CPU.Build.0 = Debug|Any CPU
		{FE5CC164-7274-41E5-962C-7E5E96E08681}.Debug|ARM.ActiveCfg = Debug|Any CPU
		{FE5CC164-7274-41E5-962C-7E5E96E08681}.Debug|ARM.Build.0 = Debug|Any CPU
		{FE5CC164-7274-41E5-962C-7E5E96E08681}.Debug|x64.ActiveCfg = Debug|Any CPU
		{FE5CC164-7274-41E5-962C-7E5E96E08681}.Debug|x64.Build.0 = Debug|Any CPU
		{FE5CC164-7274-41E5-962C-7E5E96E08681}.Debug|x86.ActiveCfg = Debug|Any CPU
		{FE5CC164-7274-41E5-962C-7E5E96E08681}.Debug|x86.Build.0 = Debug|Any CPU
		{FE5CC164-7274-41E5-962C-7E5E96E08681}.Release|Any CPU.ActiveCfg = Release|Any CPU
		{FE5CC164-7274-41E5-962C-7E5E96E08681}.Release|Any CPU.Build.0 = Release|Any CPU
		{FE5CC164-7274-41E5-962C-7E5E96E08681}.Release|ARM.ActiveCfg = Release|Any CPU
		{FE5CC164-7274-41E5-962C-7E5E96E08681}.Release|ARM.Build.0 = Release|Any CPU
		{FE5CC164-7274-41E5-962C-7E5E96E08681}.Release|x64.ActiveCfg = Release|Any CPU
		{FE5CC164-7274-41E5-962C-7E5E96E08681}.Release|x64.Build.0 = Release|Any CPU
		{FE5CC164-7274-41E5-962C-7E5E96E08681}.Release|x86.ActiveCfg = Release|Any CPU
		{FE5CC164-7274-41E5-962C-7E5E96E08681}.Release|x86.Build.0 = Release|Any CPU
	EndGlobalSection
	GlobalSection(SolutionProperties) = preSolution
		HideSolutionNode = FALSE
	EndGlobalSection
	GlobalSection(ExtensibilityGlobals) = postSolution
		SolutionGuid = {E3AAFC4F-BF96-46A9-A628-F778B5DC7FFE}
	EndGlobalSection
EndGlobal
