
Microsoft Visual Studio Solution File, Format Version 12.00
# Visual Studio 15
VisualStudioVersion = 15.0.28307.168
MinimumVisualStudioVersion = 10.0.40219.1
Project("{FAE04EC0-301F-11D3-BF4B-00C04F79EFBC}") = "PhotoManager.API", "PhotoManager.API\PhotoManager.API.csproj", "{D58C0AE4-A9D8-4BF6-A077-3FA9C16574C9}"
EndProject
Global
	GlobalSection(SolutionConfigurationPlatforms) = preSolution
		Debug|Any CPU = Debug|Any CPU
		Release|Any CPU = Release|Any CPU
	EndGlobalSection
	GlobalSection(ProjectConfigurationPlatforms) = postSolution
		{D58C0AE4-A9D8-4BF6-A077-3FA9C16574C9}.Debug|Any CPU.ActiveCfg = Debug|Any CPU
		{D58C0AE4-A9D8-4BF6-A077-3FA9C16574C9}.Debug|Any CPU.Build.0 = Debug|Any CPU
		{D58C0AE4-A9D8-4BF6-A077-3FA9C16574C9}.Release|Any CPU.ActiveCfg = Release|Any CPU
		{D58C0AE4-A9D8-4BF6-A077-3FA9C16574C9}.Release|Any CPU.Build.0 = Release|Any CPU
	EndGlobalSection
	GlobalSection(SolutionProperties) = preSolution
		HideSolutionNode = FALSE
	EndGlobalSection
	GlobalSection(ExtensibilityGlobals) = postSolution
		SolutionGuid = {F377DA95-2C95-4EF3-8B12-E000EC7FC882}
	EndGlobalSection
EndGlobal
