
Microsoft Visual Studio Solution File, Format Version 12.00
# Visual Studio 15
VisualStudioVersion = 15.0.28307.168
MinimumVisualStudioVersion = 10.0.40219.1
Project("{FAE04EC0-301F-11D3-BF4B-00C04F79EFBC}") = "PhotoManager.UI", "PhotoManager.UI\PhotoManager.UI.csproj", "{9F1A0D74-17B3-43D9-9E6E-C1E75A8EA3C9}"
EndProject
Global
	GlobalSection(SolutionConfigurationPlatforms) = preSolution
		Debug|Any CPU = Debug|Any CPU
		Release|Any CPU = Release|Any CPU
	EndGlobalSection
	GlobalSection(ProjectConfigurationPlatforms) = postSolution
		{9F1A0D74-17B3-43D9-9E6E-C1E75A8EA3C9}.Debug|Any CPU.ActiveCfg = Debug|Any CPU
		{9F1A0D74-17B3-43D9-9E6E-C1E75A8EA3C9}.Debug|Any CPU.Build.0 = Debug|Any CPU
		{9F1A0D74-17B3-43D9-9E6E-C1E75A8EA3C9}.Release|Any CPU.ActiveCfg = Release|Any CPU
		{9F1A0D74-17B3-43D9-9E6E-C1E75A8EA3C9}.Release|Any CPU.Build.0 = Release|Any CPU
	EndGlobalSection
	GlobalSection(SolutionProperties) = preSolution
		HideSolutionNode = FALSE
	EndGlobalSection
	GlobalSection(ExtensibilityGlobals) = postSolution
		SolutionGuid = {62729808-BCF4-4234-BE1A-7846BC14B155}
	EndGlobalSection
EndGlobal
